// !$*UTF8*$!
{
	archiveVersion = 1;
	classes = {
	};
	objectVersion = 56;
	objects = {

/* Begin PBXBuildFile section */
		5FB919F82A569F7000E42C29 /* FaceNameApp.swift in Sources */ = {isa = PBXBuildFile; fileRef = 5FB919F72A569F7000E42C29 /* FaceNameApp.swift */; };
		5FB919FA2A569F7000E42C29 /* ContentView.swift in Sources */ = {isa = PBXBuildFile; fileRef = 5FB919F92A569F7000E42C29 /* ContentView.swift */; };
		5FB919FC2A569F7200E42C29 /* Assets.xcassets in Resources */ = {isa = PBXBuildFile; fileRef = 5FB919FB2A569F7200E42C29 /* Assets.xcassets */; };
		5FB919FF2A569F7200E42C29 /* Preview Assets.xcassets in Resources */ = {isa = PBXBuildFile; fileRef = 5FB919FE2A569F7200E42C29 /* Preview Assets.xcassets */; };
		5FB91A082A56AC3700E42C29 /* Event.swift in Sources */ = {isa = PBXBuildFile; fileRef = 5FB91A072A56AC3700E42C29 /* Event.swift */; };
		5FB91A0A2A56AC4B00E42C29 /* Person.swift in Sources */ = {isa = PBXBuildFile; fileRef = 5FB91A092A56AC4B00E42C29 /* Person.swift */; };
		5FB91A0C2A56ADB100E42C29 /* EventsManager.swift in Sources */ = {isa = PBXBuildFile; fileRef = 5FB91A0B2A56ADB100E42C29 /* EventsManager.swift */; };
		5FB91A0F2A56AEF500E42C29 /* FileManager-DocumentsDirectory.swift in Sources */ = {isa = PBXBuildFile; fileRef = 5FB91A0E2A56AEF500E42C29 /* FileManager-DocumentsDirectory.swift */; };
		5FB91A112A57FED100E42C29 /* AddEventView.swift in Sources */ = {isa = PBXBuildFile; fileRef = 5FB91A102A57FED100E42C29 /* AddEventView.swift */; };
		5FB91A132A5B4BAC00E42C29 /* EventView.swift in Sources */ = {isa = PBXBuildFile; fileRef = 5FB91A122A5B4BAC00E42C29 /* EventView.swift */; };
		5FB91A152A5B57FB00E42C29 /* AddPersonView.swift in Sources */ = {isa = PBXBuildFile; fileRef = 5FB91A142A5B57FB00E42C29 /* AddPersonView.swift */; };
		5FB91A172A5C9C9900E42C29 /* PhotoPicker.swift in Sources */ = {isa = PBXBuildFile; fileRef = 5FB91A162A5C9C9900E42C29 /* PhotoPicker.swift */; };
		5FB91A192A5CA0E400E42C29 /* AvatarView.swift in Sources */ = {isa = PBXBuildFile; fileRef = 5FB91A182A5CA0E400E42C29 /* AvatarView.swift */; };
		5FB91A1B2A5CA68600E42C29 /* Base64-Encoding-Decoding.swift in Sources */ = {isa = PBXBuildFile; fileRef = 5FB91A1A2A5CA68600E42C29 /* Base64-Encoding-Decoding.swift */; };
		5FB91A1D2A5CB13400E42C29 /* EditPersonView.swift in Sources */ = {isa = PBXBuildFile; fileRef = 5FB91A1C2A5CB13400E42C29 /* EditPersonView.swift */; };
		5FB91A1F2A5D430700E42C29 /* DetailPersonView.swift in Sources */ = {isa = PBXBuildFile; fileRef = 5FB91A1E2A5D430700E42C29 /* DetailPersonView.swift */; };
		5FB91A222A5D468900E42C29 /* ListRowView.swift in Sources */ = {isa = PBXBuildFile; fileRef = 5FB91A212A5D468900E42C29 /* ListRowView.swift */; };
		5FB91A272A5D497700E42C29 /* EventView-ViewModel.swift in Sources */ = {isa = PBXBuildFile; fileRef = 5FB91A262A5D497700E42C29 /* EventView-ViewModel.swift */; };
/* End PBXBuildFile section */

/* Begin PBXFileReference section */
		5FB919F42A569F7000E42C29 /* FaceName.app */ = {isa = PBXFileReference; explicitFileType = wrapper.application; includeInIndex = 0; path = FaceName.app; sourceTree = BUILT_PRODUCTS_DIR; };
		5FB919F72A569F7000E42C29 /* FaceNameApp.swift */ = {isa = PBXFileReference; lastKnownFileType = sourcecode.swift; path = FaceNameApp.swift; sourceTree = "<group>"; };
		5FB919F92A569F7000E42C29 /* ContentView.swift */ = {isa = PBXFileReference; lastKnownFileType = sourcecode.swift; path = ContentView.swift; sourceTree = "<group>"; };
		5FB919FB2A569F7200E42C29 /* Assets.xcassets */ = {isa = PBXFileReference; lastKnownFileType = folder.assetcatalog; path = Assets.xcassets; sourceTree = "<group>"; };
		5FB919FE2A569F7200E42C29 /* Preview Assets.xcassets */ = {isa = PBXFileReference; lastKnownFileType = folder.assetcatalog; path = "Preview Assets.xcassets"; sourceTree = "<group>"; };
		5FB91A072A56AC3700E42C29 /* Event.swift */ = {isa = PBXFileReference; lastKnownFileType = sourcecode.swift; name = Event.swift; path = FaceName/Model/Event.swift; sourceTree = SOURCE_ROOT; };
		5FB91A092A56AC4B00E42C29 /* Person.swift */ = {isa = PBXFileReference; lastKnownFileType = sourcecode.swift; path = Person.swift; sourceTree = "<group>"; };
		5FB91A0B2A56ADB100E42C29 /* EventsManager.swift */ = {isa = PBXFileReference; lastKnownFileType = sourcecode.swift; path = EventsManager.swift; sourceTree = "<group>"; };
		5FB91A0E2A56AEF500E42C29 /* FileManager-DocumentsDirectory.swift */ = {isa = PBXFileReference; lastKnownFileType = sourcecode.swift; path = "FileManager-DocumentsDirectory.swift"; sourceTree = "<group>"; };
		5FB91A102A57FED100E42C29 /* AddEventView.swift */ = {isa = PBXFileReference; lastKnownFileType = sourcecode.swift; path = AddEventView.swift; sourceTree = "<group>"; };
		5FB91A122A5B4BAC00E42C29 /* EventView.swift */ = {isa = PBXFileReference; lastKnownFileType = sourcecode.swift; path = EventView.swift; sourceTree = "<group>"; };
		5FB91A142A5B57FB00E42C29 /* AddPersonView.swift */ = {isa = PBXFileReference; lastKnownFileType = sourcecode.swift; path = AddPersonView.swift; sourceTree = "<group>"; };
		5FB91A162A5C9C9900E42C29 /* PhotoPicker.swift */ = {isa = PBXFileReference; lastKnownFileType = sourcecode.swift; path = PhotoPicker.swift; sourceTree = "<group>"; };
		5FB91A182A5CA0E400E42C29 /* AvatarView.swift */ = {isa = PBXFileReference; lastKnownFileType = sourcecode.swift; path = AvatarView.swift; sourceTree = "<group>"; };
		5FB91A1A2A5CA68600E42C29 /* Base64-Encoding-Decoding.swift */ = {isa = PBXFileReference; lastKnownFileType = sourcecode.swift; path = "Base64-Encoding-Decoding.swift"; sourceTree = "<group>"; };
		5FB91A1C2A5CB13400E42C29 /* EditPersonView.swift */ = {isa = PBXFileReference; lastKnownFileType = sourcecode.swift; path = EditPersonView.swift; sourceTree = "<group>"; };
		5FB91A1E2A5D430700E42C29 /* DetailPersonView.swift */ = {isa = PBXFileReference; lastKnownFileType = sourcecode.swift; path = DetailPersonView.swift; sourceTree = "<group>"; };
		5FB91A212A5D468900E42C29 /* ListRowView.swift */ = {isa = PBXFileReference; lastKnownFileType = sourcecode.swift; path = ListRowView.swift; sourceTree = "<group>"; };
		5FB91A262A5D497700E42C29 /* EventView-ViewModel.swift */ = {isa = PBXFileReference; lastKnownFileType = sourcecode.swift; path = "EventView-ViewModel.swift"; sourceTree = "<group>"; };
/* End PBXFileReference section */

/* Begin PBXFrameworksBuildPhase section */
		5FB919F12A569F7000E42C29 /* Frameworks */ = {
			isa = PBXFrameworksBuildPhase;
			buildActionMask = 2147483647;
			files = (
			);
			runOnlyForDeploymentPostprocessing = 0;
		};
/* End PBXFrameworksBuildPhase section */

/* Begin PBXGroup section */
		5FB919EB2A569F6F00E42C29 = {
			isa = PBXGroup;
			children = (
				5FB919F62A569F7000E42C29 /* FaceName */,
				5FB919F52A569F7000E42C29 /* Products */,
			);
			sourceTree = "<group>";
		};
		5FB919F52A569F7000E42C29 /* Products */ = {
			isa = PBXGroup;
			children = (
				5FB919F42A569F7000E42C29 /* FaceName.app */,
			);
			name = Products;
			sourceTree = "<group>";
		};
		5FB919F62A569F7000E42C29 /* FaceName */ = {
			isa = PBXGroup;
			children = (
				5FB91A052A56AC0000E42C29 /* Model */,
				5FB919FB2A569F7200E42C29 /* Assets.xcassets */,
				5FB91A062A56AC0B00E42C29 /* View */,
				5FB919FD2A569F7200E42C29 /* Preview Content */,
			);
			path = FaceName;
			sourceTree = "<group>";
		};
		5FB919FD2A569F7200E42C29 /* Preview Content */ = {
			isa = PBXGroup;
			children = (
				5FB919FE2A569F7200E42C29 /* Preview Assets.xcassets */,
			);
			path = "Preview Content";
			sourceTree = "<group>";
		};
		5FB91A052A56AC0000E42C29 /* Model */ = {
			isa = PBXGroup;
			children = (
				5FB91A1A2A5CA68600E42C29 /* Base64-Encoding-Decoding.swift */,
				5FB91A162A5C9C9900E42C29 /* PhotoPicker.swift */,
				5FB91A072A56AC3700E42C29 /* Event.swift */,
				5FB91A092A56AC4B00E42C29 /* Person.swift */,
				5FB91A0B2A56ADB100E42C29 /* EventsManager.swift */,
			);
			path = Model;
			sourceTree = "<group>";
		};
		5FB91A062A56AC0B00E42C29 /* View */ = {
			isa = PBXGroup;
			children = (
				5FB919F72A569F7000E42C29 /* FaceNameApp.swift */,
				5FB91A202A5D461800E42C29 /* ContentView */,
				5FB91A232A5D46FD00E42C29 /* AddEvent */,
				5FB91A282A5D497D00E42C29 /* EventView */,
				5FB91A142A5B57FB00E42C29 /* AddPersonView.swift */,
				5FB91A1E2A5D430700E42C29 /* DetailPersonView.swift */,
				5FB91A1C2A5CB13400E42C29 /* EditPersonView.swift */,
				5FB91A182A5CA0E400E42C29 /* AvatarView.swift */,
				5FB91A0D2A56AED500E42C29 /* Utilities */,
			);
			path = View;
			sourceTree = "<group>";
		};
		5FB91A0D2A56AED500E42C29 /* Utilities */ = {
			isa = PBXGroup;
			children = (
				5FB91A0E2A56AEF500E42C29 /* FileManager-DocumentsDirectory.swift */,
			);
			path = Utilities;
			sourceTree = "<group>";
		};
		5FB91A202A5D461800E42C29 /* ContentView */ = {
			isa = PBXGroup;
			children = (
				5FB919F92A569F7000E42C29 /* ContentView.swift */,
				5FB91A212A5D468900E42C29 /* ListRowView.swift */,
			);
			path = ContentView;
			sourceTree = "<group>";
		};
		5FB91A232A5D46FD00E42C29 /* AddEvent */ = {
			isa = PBXGroup;
			children = (
				5FB91A102A57FED100E42C29 /* AddEventView.swift */,
			);
			path = AddEvent;
			sourceTree = "<group>";
		};
		5FB91A282A5D497D00E42C29 /* EventView */ = {
			isa = PBXGroup;
			children = (
				5FB91A122A5B4BAC00E42C29 /* EventView.swift */,
				5FB91A262A5D497700E42C29 /* EventView-ViewModel.swift */,
			);
			path = EventView;
			sourceTree = "<group>";
		};
/* End PBXGroup section */

/* Begin PBXNativeTarget section */
		5FB919F32A569F7000E42C29 /* FaceName */ = {
			isa = PBXNativeTarget;
			buildConfigurationList = 5FB91A022A569F7200E42C29 /* Build configuration list for PBXNativeTarget "FaceName" */;
			buildPhases = (
				5FB919F02A569F7000E42C29 /* Sources */,
				5FB919F12A569F7000E42C29 /* Frameworks */,
				5FB919F22A569F7000E42C29 /* Resources */,
			);
			buildRules = (
			);
			dependencies = (
			);
			name = FaceName;
			productName = FaceName;
			productReference = 5FB919F42A569F7000E42C29 /* FaceName.app */;
			productType = "com.apple.product-type.application";
		};
/* End PBXNativeTarget section */

/* Begin PBXProject section */
		5FB919EC2A569F7000E42C29 /* Project object */ = {
			isa = PBXProject;
			attributes = {
				BuildIndependentTargetsInParallel = 1;
				LastSwiftUpdateCheck = 1430;
				LastUpgradeCheck = 1430;
				TargetAttributes = {
					5FB919F32A569F7000E42C29 = {
						CreatedOnToolsVersion = 14.3;
					};
				};
			};
			buildConfigurationList = 5FB919EF2A569F7000E42C29 /* Build configuration list for PBXProject "FaceName" */;
			compatibilityVersion = "Xcode 14.0";
			developmentRegion = en;
			hasScannedForEncodings = 0;
			knownRegions = (
				en,
				Base,
			);
			mainGroup = 5FB919EB2A569F6F00E42C29;
			productRefGroup = 5FB919F52A569F7000E42C29 /* Products */;
			projectDirPath = "";
			projectRoot = "";
			targets = (
				5FB919F32A569F7000E42C29 /* FaceName */,
			);
		};
/* End PBXProject section */

/* Begin PBXResourcesBuildPhase section */
		5FB919F22A569F7000E42C29 /* Resources */ = {
			isa = PBXResourcesBuildPhase;
			buildActionMask = 2147483647;
			files = (
				5FB919FF2A569F7200E42C29 /* Preview Assets.xcassets in Resources */,
				5FB919FC2A569F7200E42C29 /* Assets.xcassets in Resources */,
			);
			runOnlyForDeploymentPostprocessing = 0;
		};
/* End PBXResourcesBuildPhase section */

/* Begin PBXSourcesBuildPhase section */
		5FB919F02A569F7000E42C29 /* Sources */ = {
			isa = PBXSourcesBuildPhase;
			buildActionMask = 2147483647;
			files = (
				5FB91A0F2A56AEF500E42C29 /* FileManager-DocumentsDirectory.swift in Sources */,
				5FB91A272A5D497700E42C29 /* EventView-ViewModel.swift in Sources */,
				5FB91A1D2A5CB13400E42C29 /* EditPersonView.swift in Sources */,
				5FB91A222A5D468900E42C29 /* ListRowView.swift in Sources */,
				5FB91A112A57FED100E42C29 /* AddEventView.swift in Sources */,
				5FB919FA2A569F7000E42C29 /* ContentView.swift in Sources */,
				5FB91A1F2A5D430700E42C29 /* DetailPersonView.swift in Sources */,
				5FB91A082A56AC3700E42C29 /* Event.swift in Sources */,
				5FB91A1B2A5CA68600E42C29 /* Base64-Encoding-Decoding.swift in Sources */,
				5FB91A192A5CA0E400E42C29 /* AvatarView.swift in Sources */,
				5FB91A0C2A56ADB100E42C29 /* EventsManager.swift in Sources */,
				5FB91A0A2A56AC4B00E42C29 /* Person.swift in Sources */,
				5FB919F82A569F7000E42C29 /* FaceNameApp.swift in Sources */,
				5FB91A132A5B4BAC00E42C29 /* EventView.swift in Sources */,
				5FB91A172A5C9C9900E42C29 /* PhotoPicker.swift in Sources */,
				5FB91A152A5B57FB00E42C29 /* AddPersonView.swift in Sources */,
			);
			runOnlyForDeploymentPostprocessing = 0;
		};
/* End PBXSourcesBuildPhase section */

/* Begin XCBuildConfiguration section */
		5FB91A002A569F7200E42C29 /* Debug */ = {
			isa = XCBuildConfiguration;
			buildSettings = {
				ALWAYS_SEARCH_USER_PATHS = NO;
				CLANG_ANALYZER_NONNULL = YES;
				CLANG_ANALYZER_NUMBER_OBJECT_CONVERSION = YES_AGGRESSIVE;
				CLANG_CXX_LANGUAGE_STANDARD = "gnu++20";
				CLANG_ENABLE_MODULES = YES;
				CLANG_ENABLE_OBJC_ARC = YES;
				CLANG_ENABLE_OBJC_WEAK = YES;
				CLANG_WARN_BLOCK_CAPTURE_AUTORELEASING = YES;
				CLANG_WARN_BOOL_CONVERSION = YES;
				CLANG_WARN_COMMA = YES;
				CLANG_WARN_CONSTANT_CONVERSION = YES;
				CLANG_WARN_DEPRECATED_OBJC_IMPLEMENTATIONS = YES;
				CLANG_WARN_DIRECT_OBJC_ISA_USAGE = YES_ERROR;
				CLANG_WARN_DOCUMENTATION_COMMENTS = YES;
				CLANG_WARN_EMPTY_BODY = YES;
				CLANG_WARN_ENUM_CONVERSION = YES;
				CLANG_WARN_INFINITE_RECURSION = YES;
				CLANG_WARN_INT_CONVERSION = YES;
				CLANG_WARN_NON_LITERAL_NULL_CONVERSION = YES;
				CLANG_WARN_OBJC_IMPLICIT_RETAIN_SELF = YES;
				CLANG_WARN_OBJC_LITERAL_CONVERSION = YES;
				CLANG_WARN_OBJC_ROOT_CLASS = YES_ERROR;
				CLANG_WARN_QUOTED_INCLUDE_IN_FRAMEWORK_HEADER = YES;
				CLANG_WARN_RANGE_LOOP_ANALYSIS = YES;
				CLANG_WARN_STRICT_PROTOTYPES = YES;
				CLANG_WARN_SUSPICIOUS_MOVE = YES;
				CLANG_WARN_UNGUARDED_AVAILABILITY = YES_AGGRESSIVE;
				CLANG_WARN_UNREACHABLE_CODE = YES;
				CLANG_WARN__DUPLICATE_METHOD_MATCH = YES;
				COPY_PHASE_STRIP = NO;
				DEBUG_INFORMATION_FORMAT = dwarf;
				ENABLE_STRICT_OBJC_MSGSEND = YES;
				ENABLE_TESTABILITY = YES;
				GCC_C_LANGUAGE_STANDARD = gnu11;
				GCC_DYNAMIC_NO_PIC = NO;
				GCC_NO_COMMON_BLOCKS = YES;
				GCC_OPTIMIZATION_LEVEL = 0;
				GCC_PREPROCESSOR_DEFINITIONS = (
					"DEBUG=1",
					"$(inherited)",
				);
				GCC_WARN_64_TO_32_BIT_CONVERSION = YES;
				GCC_WARN_ABOUT_RETURN_TYPE = YES_ERROR;
				GCC_WARN_UNDECLARED_SELECTOR = YES;
				GCC_WARN_UNINITIALIZED_AUTOS = YES_AGGRESSIVE;
				GCC_WARN_UNUSED_FUNCTION = YES;
				GCC_WARN_UNUSED_VARIABLE = YES;
				IPHONEOS_DEPLOYMENT_TARGET = 16.4;
				MTL_ENABLE_DEBUG_INFO = INCLUDE_SOURCE;
				MTL_FAST_MATH = YES;
				ONLY_ACTIVE_ARCH = YES;
				SDKROOT = iphoneos;
				SWIFT_ACTIVE_COMPILATION_CONDITIONS = DEBUG;
				SWIFT_OPTIMIZATION_LEVEL = "-Onone";
			};
			name = Debug;
		};
		5FB91A012A569F7200E42C29 /* Release */ = {
			isa = XCBuildConfiguration;
			buildSettings = {
				ALWAYS_SEARCH_USER_PATHS = NO;
				CLANG_ANALYZER_NONNULL = YES;
				CLANG_ANALYZER_NUMBER_OBJECT_CONVERSION = YES_AGGRESSIVE;
				CLANG_CXX_LANGUAGE_STANDARD = "gnu++20";
				CLANG_ENABLE_MODULES = YES;
				CLANG_ENABLE_OBJC_ARC = YES;
				CLANG_ENABLE_OBJC_WEAK = YES;
				CLANG_WARN_BLOCK_CAPTURE_AUTORELEASING = YES;
				CLANG_WARN_BOOL_CONVERSION = YES;
				CLANG_WARN_COMMA = YES;
				CLANG_WARN_CONSTANT_CONVERSION = YES;
				CLANG_WARN_DEPRECATED_OBJC_IMPLEMENTATIONS = YES;
				CLANG_WARN_DIRECT_OBJC_ISA_USAGE = YES_ERROR;
				CLANG_WARN_DOCUMENTATION_COMMENTS = YES;
				CLANG_WARN_EMPTY_BODY = YES;
				CLANG_WARN_ENUM_CONVERSION = YES;
				CLANG_WARN_INFINITE_RECURSION = YES;
				CLANG_WARN_INT_CONVERSION = YES;
				CLANG_WARN_NON_LITERAL_NULL_CONVERSION = YES;
				CLANG_WARN_OBJC_IMPLICIT_RETAIN_SELF = YES;
				CLANG_WARN_OBJC_LITERAL_CONVERSION = YES;
				CLANG_WARN_OBJC_ROOT_CLASS = YES_ERROR;
				CLANG_WARN_QUOTED_INCLUDE_IN_FRAMEWORK_HEADER = YES;
				CLANG_WARN_RANGE_LOOP_ANALYSIS = YES;
				CLANG_WARN_STRICT_PROTOTYPES = YES;
				CLANG_WARN_SUSPICIOUS_MOVE = YES;
				CLANG_WARN_UNGUARDED_AVAILABILITY = YES_AGGRESSIVE;
				CLANG_WARN_UNREACHABLE_CODE = YES;
				CLANG_WARN__DUPLICATE_METHOD_MATCH = YES;
				COPY_PHASE_STRIP = NO;
				DEBUG_INFORMATION_FORMAT = "dwarf-with-dsym";
				ENABLE_NS_ASSERTIONS = NO;
				ENABLE_STRICT_OBJC_MSGSEND = YES;
				GCC_C_LANGUAGE_STANDARD = gnu11;
				GCC_NO_COMMON_BLOCKS = YES;
				GCC_WARN_64_TO_32_BIT_CONVERSION = YES;
				GCC_WARN_ABOUT_RETURN_TYPE = YES_ERROR;
				GCC_WARN_UNDECLARED_SELECTOR = YES;
				GCC_WARN_UNINITIALIZED_AUTOS = YES_AGGRESSIVE;
				GCC_WARN_UNUSED_FUNCTION = YES;
				GCC_WARN_UNUSED_VARIABLE = YES;
				IPHONEOS_DEPLOYMENT_TARGET = 16.4;
				MTL_ENABLE_DEBUG_INFO = NO;
				MTL_FAST_MATH = YES;
				SDKROOT = iphoneos;
				SWIFT_COMPILATION_MODE = wholemodule;
				SWIFT_OPTIMIZATION_LEVEL = "-O";
				VALIDATE_PRODUCT = YES;
			};
			name = Release;
		};
		5FB91A032A569F7200E42C29 /* Debug */ = {
			isa = XCBuildConfiguration;
			buildSettings = {
				ASSETCATALOG_COMPILER_APPICON_NAME = AppIcon;
				ASSETCATALOG_COMPILER_GLOBAL_ACCENT_COLOR_NAME = AccentColor;
				CODE_SIGN_STYLE = Automatic;
				CURRENT_PROJECT_VERSION = 1;
				DEVELOPMENT_ASSET_PATHS = "\"FaceName/Preview Content\"";
				DEVELOPMENT_TEAM = J9BWXBY6SC;
				ENABLE_PREVIEWS = YES;
				GENERATE_INFOPLIST_FILE = YES;
				INFOPLIST_KEY_UIApplicationSceneManifest_Generation = YES;
				INFOPLIST_KEY_UIApplicationSupportsIndirectInputEvents = YES;
				INFOPLIST_KEY_UILaunchScreen_Generation = YES;
				INFOPLIST_KEY_UISupportedInterfaceOrientations_iPad = "UIInterfaceOrientationPortrait UIInterfaceOrientationPortraitUpsideDown UIInterfaceOrientationLandscapeLeft UIInterfaceOrientationLandscapeRight";
				INFOPLIST_KEY_UISupportedInterfaceOrientations_iPhone = "UIInterfaceOrientationPortrait UIInterfaceOrientationLandscapeLeft UIInterfaceOrientationLandscapeRight";
				LD_RUNPATH_SEARCH_PATHS = (
					"$(inherited)",
					"@executable_path/Frameworks",
				);
				MARKETING_VERSION = 1.0;
				PRODUCT_BUNDLE_IDENTIFIER = com.bera.FaceName;
				PRODUCT_NAME = "$(TARGET_NAME)";
				SWIFT_EMIT_LOC_STRINGS = YES;
				SWIFT_VERSION = 5.0;
				TARGETED_DEVICE_FAMILY = "1,2";
			};
			name = Debug;
		};
		5FB91A042A569F7200E42C29 /* Release */ = {
			isa = XCBuildConfiguration;
			buildSettings = {
				ASSETCATALOG_COMPILER_APPICON_NAME = AppIcon;
				ASSETCATALOG_COMPILER_GLOBAL_ACCENT_COLOR_NAME = AccentColor;
				CODE_SIGN_STYLE = Automatic;
				CURRENT_PROJECT_VERSION = 1;
				DEVELOPMENT_ASSET_PATHS = "\"FaceName/Preview Content\"";
				DEVELOPMENT_TEAM = J9BWXBY6SC;
				ENABLE_PREVIEWS = YES;
				GENERATE_INFOPLIST_FILE = YES;
				INFOPLIST_KEY_UIApplicationSceneManifest_Generation = YES;
				INFOPLIST_KEY_UIApplicationSupportsIndirectInputEvents = YES;
				INFOPLIST_KEY_UILaunchScreen_Generation = YES;
				INFOPLIST_KEY_UISupportedInterfaceOrientations_iPad = "UIInterfaceOrientationPortrait UIInterfaceOrientationPortraitUpsideDown UIInterfaceOrientationLandscapeLeft UIInterfaceOrientationLandscapeRight";
				INFOPLIST_KEY_UISupportedInterfaceOrientations_iPhone = "UIInterfaceOrientationPortrait UIInterfaceOrientationLandscapeLeft UIInterfaceOrientationLandscapeRight";
				LD_RUNPATH_SEARCH_PATHS = (
					"$(inherited)",
					"@executable_path/Frameworks",
				);
				MARKETING_VERSION = 1.0;
				PRODUCT_BUNDLE_IDENTIFIER = com.bera.FaceName;
				PRODUCT_NAME = "$(TARGET_NAME)";
				SWIFT_EMIT_LOC_STRINGS = YES;
				SWIFT_VERSION = 5.0;
				TARGETED_DEVICE_FAMILY = "1,2";
			};
			name = Release;
		};
/* End XCBuildConfiguration section */

/* Begin XCConfigurationList section */
		5FB919EF2A569F7000E42C29 /* Build configuration list for PBXProject "FaceName" */ = {
			isa = XCConfigurationList;
			buildConfigurations = (
				5FB91A002A569F7200E42C29 /* Debug */,
				5FB91A012A569F7200E42C29 /* Release */,
			);
			defaultConfigurationIsVisible = 0;
			defaultConfigurationName = Release;
		};
		5FB91A022A569F7200E42C29 /* Build configuration list for PBXNativeTarget "FaceName" */ = {
			isa = XCConfigurationList;
			buildConfigurations = (
				5FB91A032A569F7200E42C29 /* Debug */,
				5FB91A042A569F7200E42C29 /* Release */,
			);
			defaultConfigurationIsVisible = 0;
			defaultConfigurationName = Release;
		};
/* End XCConfigurationList section */
	};
	rootObject = 5FB919EC2A569F7000E42C29 /* Project object */;
}
